// !$*UTF8*$!
{
	archiveVersion = 1;
	classes = {
	};
	objectVersion = 46;
	objects = {

/* Begin PBXBuildFile section */
		AF2AF84215B8581900514B2D /* UIKit.framework in Frameworks */ = {isa = PBXBuildFile; fileRef = AF2AF84115B8581900514B2D /* UIKit.framework */; };
		AF2AF84415B8581900514B2D /* Foundation.framework in Frameworks */ = {isa = PBXBuildFile; fileRef = AF2AF84315B8581900514B2D /* Foundation.framework */; };
		AF2AF84615B8581900514B2D /* CoreGraphics.framework in Frameworks */ = {isa = PBXBuildFile; fileRef = AF2AF84515B8581900514B2D /* CoreGraphics.framework */; };
		AF2AF84C15B8581900514B2D /* InfoPlist.strings in Resources */ = {isa = PBXBuildFile; fileRef = AF2AF84A15B8581900514B2D /* InfoPlist.strings */; };
		AF2AF84E15B8581900514B2D /* main.m in Sources */ = {isa = PBXBuildFile; fileRef = AF2AF84D15B8581900514B2D /* main.m */; };
		AF2AF85215B8581900514B2D /* AppDelegate.m in Sources */ = {isa = PBXBuildFile; fileRef = AF2AF85115B8581900514B2D /* AppDelegate.m */; };
		AF2AF85515B8581900514B2D /* MainStoryboard_iPhone.storyboard in Resources */ = {isa = PBXBuildFile; fileRef = AF2AF85315B8581900514B2D /* MainStoryboard_iPhone.storyboard */; };
		AF2AF85815B8581900514B2D /* MainStoryboard_iPad.storyboard in Resources */ = {isa = PBXBuildFile; fileRef = AF2AF85615B8581900514B2D /* MainStoryboard_iPad.storyboard */; };
		AF2AF85B15B8581900514B2D /* MainViewController.m in Sources */ = {isa = PBXBuildFile; fileRef = AF2AF85A15B8581900514B2D /* MainViewController.m */; };
		AF2AF85E15B8581900514B2D /* FlipsideViewController.m in Sources */ = {isa = PBXBuildFile; fileRef = AF2AF85D15B8581900514B2D /* FlipsideViewController.m */; };
		AF2AF86A15B858F400514B2D /* RateView.m in Sources */ = {isa = PBXBuildFile; fileRef = AF2AF86915B858F400514B2D /* RateView.m */; };
		AF2AF87715B85FB100514B2D /* TPKeyboardAvoidingScrollView.m in Sources */ = {isa = PBXBuildFile; fileRef = AF2AF87615B85FB100514B2D /* TPKeyboardAvoidingScrollView.m */; };
		AF2AF87915B860E800514B2D /* QuartzCore.framework in Frameworks */ = {isa = PBXBuildFile; fileRef = AF2AF87815B860E800514B2D /* QuartzCore.framework */; };
		AF2AF87B15B8679F00514B2D /* next_last.png in Resources */ = {isa = PBXBuildFile; fileRef = AF2AF87A15B8679F00514B2D /* next_last.png */; };
		AF5588E215BA189800234A5B /* ASIAuthenticationDialog.m in Sources */ = {isa = PBXBuildFile; fileRef = AF5588CF15BA189800234A5B /* ASIAuthenticationDialog.m */; settings = {COMPILER_FLAGS = "-fno-objc-arc"; }; };
		AF5588E315BA189800234A5B /* ASIDataCompressor.m in Sources */ = {isa = PBXBuildFile; fileRef = AF5588D215BA189800234A5B /* ASIDataCompressor.m */; settings = {COMPILER_FLAGS = "-fno-objc-arc"; }; };
		AF5588E415BA189800234A5B /* ASIDataDecompressor.m in Sources */ = {isa = PBXBuildFile; fileRef = AF5588D415BA189800234A5B /* ASIDataDecompressor.m */; settings = {COMPILER_FLAGS = "-fno-objc-arc"; }; };
		AF5588E515BA189800234A5B /* ASIDownloadCache.m in Sources */ = {isa = PBXBuildFile; fileRef = AF5588D615BA189800234A5B /* ASIDownloadCache.m */; settings = {COMPILER_FLAGS = "-fno-objc-arc"; }; };
		AF5588E615BA189800234A5B /* ASIFormDataRequest.m in Sources */ = {isa = PBXBuildFile; fileRef = AF5588D815BA189800234A5B /* ASIFormDataRequest.m */; settings = {COMPILER_FLAGS = "-fno-objc-arc"; }; };
		AF5588E715BA189800234A5B /* ASIHTTPRequest.m in Sources */ = {isa = PBXBuildFile; fileRef = AF5588DA15BA189800234A5B /* ASIHTTPRequest.m */; settings = {COMPILER_FLAGS = "-fno-objc-arc"; }; };
		AF5588E815BA189800234A5B /* ASIInputStream.m in Sources */ = {isa = PBXBuildFile; fileRef = AF5588DE15BA189800234A5B /* ASIInputStream.m */; settings = {COMPILER_FLAGS = "-fno-objc-arc"; }; };
		AF5588E915BA189800234A5B /* ASINetworkQueue.m in Sources */ = {isa = PBXBuildFile; fileRef = AF5588E015BA189800234A5B /* ASINetworkQueue.m */; settings = {COMPILER_FLAGS = "-fno-objc-arc"; }; };
		AF5588ED15BA18B500234A5B /* Reachability.m in Sources */ = {isa = PBXBuildFile; fileRef = AF5588EC15BA18B500234A5B /* Reachability.m */; settings = {COMPILER_FLAGS = "-fno-objc-arc"; }; };
		AF5588EF15BA190900234A5B /* CFNetwork.framework in Frameworks */ = {isa = PBXBuildFile; fileRef = AF5588EE15BA190900234A5B /* CFNetwork.framework */; };
		AF5588F115BA191000234A5B /* SystemConfiguration.framework in Frameworks */ = {isa = PBXBuildFile; fileRef = AF5588F015BA191000234A5B /* SystemConfiguration.framework */; };
		AF5588F315BA191900234A5B /* MobileCoreServices.framework in Frameworks */ = {isa = PBXBuildFile; fileRef = AF5588F215BA191900234A5B /* MobileCoreServices.framework */; };
		AF5588F515BA192C00234A5B /* libz.dylib in Frameworks */ = {isa = PBXBuildFile; fileRef = AF5588F415BA192C00234A5B /* libz.dylib */; };
		AF7E405415C8DD1800AD9E5B /* kermit_full~iphone.png in Resources */ = {isa = PBXBuildFile; fileRef = AF7E405315C8DD1800AD9E5B /* kermit_full~iphone.png */; };
		AF7E405615C8DD2400AD9E5B /* kermit_empty~iphone.png in Resources */ = {isa = PBXBuildFile; fileRef = AF7E405515C8DD2400AD9E5B /* kermit_empty~iphone.png */; };
		AF8249BA15BC4F490029FECA /* Data.plist in Resources */ = {isa = PBXBuildFile; fileRef = AF8249B915BC4F490029FECA /* Data.plist */; };
		AF88E68315BF601C00E3E9C1 /* UserData.m in Sources */ = {isa = PBXBuildFile; fileRef = AF88E68215BF601C00E3E9C1 /* UserData.m */; };
		AFA362FA15CC9A2400725400 /* Default@2x.png in Resources */ = {isa = PBXBuildFile; fileRef = AFA362F915CC9A2400725400 /* Default@2x.png */; };
		AFA808FF15B8885000D12E6A /* QuestionsViewController.m in Sources */ = {isa = PBXBuildFile; fileRef = AFA808FE15B8885000D12E6A /* QuestionsViewController.m */; };
		AFA8090615B88B3800D12E6A /* SVSegmentedControl.m in Sources */ = {isa = PBXBuildFile; fileRef = AFA8090415B88B3800D12E6A /* SVSegmentedControl.m */; settings = {COMPILER_FLAGS = "-fobjc-arc"; }; };
		AFA8090715B88B3800D12E6A /* SVSegmentedThumb.m in Sources */ = {isa = PBXBuildFile; fileRef = AFA8090515B88B3800D12E6A /* SVSegmentedThumb.m */; };
		AFA8090915B8917000D12E6A /* q_back.png in Resources */ = {isa = PBXBuildFile; fileRef = AFA8090815B8917000D12E6A /* q_back.png */; };
		AFC5B71315C97B5D00F4A155 /* Review Manager.entitlements in Resources */ = {isa = PBXBuildFile; fileRef = AFC5B71215C97B5D00F4A155 /* Review Manager.entitlements */; };
		AFD0E9EC15CBAB9000A8815F /* MBProgressHUD.m in Sources */ = {isa = PBXBuildFile; fileRef = AFD0E9EB15CBAB9000A8815F /* MBProgressHUD.m */; };
		AFD0E9EE15CBB03300A8815F /* 37x-Checkmark.png in Resources */ = {isa = PBXBuildFile; fileRef = AFD0E9ED15CBB03300A8815F /* 37x-Checkmark.png */; };
		AFD0E9F015CBB03E00A8815F /* 37x-Checkmark@2x.png in Resources */ = {isa = PBXBuildFile; fileRef = AFD0E9EF15CBB03E00A8815F /* 37x-Checkmark@2x.png */; };
/* End PBXBuildFile section */

/* Begin PBXFileReference section */
		AF2AF83D15B8581900514B2D /* Review Manager.app */ = {isa = PBXFileReference; explicitFileType = wrapper.application; includeInIndex = 0; path = "Review Manager.app"; sourceTree = BUILT_PRODUCTS_DIR; };
		AF2AF84115B8581900514B2D /* UIKit.framework */ = {isa = PBXFileReference; lastKnownFileType = wrapper.framework; name = UIKit.framework; path = System/Library/Frameworks/UIKit.framework; sourceTree = SDKROOT; };
		AF2AF84315B8581900514B2D /* Foundation.framework */ = {isa = PBXFileReference; lastKnownFileType = wrapper.framework; name = Foundation.framework; path = System/Library/Frameworks/Foundation.framework; sourceTree = SDKROOT; };
		AF2AF84515B8581900514B2D /* CoreGraphics.framework */ = {isa = PBXFileReference; lastKnownFileType = wrapper.framework; name = CoreGraphics.framework; path = System/Library/Frameworks/CoreGraphics.framework; sourceTree = SDKROOT; };
		AF2AF84915B8581900514B2D /* Review Manager-Info.plist */ = {isa = PBXFileReference; lastKnownFileType = text.plist.xml; path = "Review Manager-Info.plist"; sourceTree = "<group>"; };
		AF2AF84B15B8581900514B2D /* en */ = {isa = PBXFileReference; lastKnownFileType = text.plist.strings; name = en; path = en.lproj/InfoPlist.strings; sourceTree = "<group>"; };
		AF2AF84D15B8581900514B2D /* main.m */ = {isa = PBXFileReference; lastKnownFileType = sourcecode.c.objc; path = main.m; sourceTree = "<group>"; };
		AF2AF84F15B8581900514B2D /* Review Manager-Prefix.pch */ = {isa = PBXFileReference; lastKnownFileType = sourcecode.c.h; path = "Review Manager-Prefix.pch"; sourceTree = "<group>"; };
		AF2AF85015B8581900514B2D /* AppDelegate.h */ = {isa = PBXFileReference; lastKnownFileType = sourcecode.c.h; path = AppDelegate.h; sourceTree = "<group>"; };
		AF2AF85115B8581900514B2D /* AppDelegate.m */ = {isa = PBXFileReference; lastKnownFileType = sourcecode.c.objc; path = AppDelegate.m; sourceTree = "<group>"; };
		AF2AF85415B8581900514B2D /* en */ = {isa = PBXFileReference; lastKnownFileType = file.storyboard; name = en; path = en.lproj/MainStoryboard_iPhone.storyboard; sourceTree = "<group>"; };
		AF2AF85715B8581900514B2D /* en */ = {isa = PBXFileReference; lastKnownFileType = file.storyboard; name = en; path = en.lproj/MainStoryboard_iPad.storyboard; sourceTree = "<group>"; };
		AF2AF85915B8581900514B2D /* MainViewController.h */ = {isa = PBXFileReference; lastKnownFileType = sourcecode.c.h; path = MainViewController.h; sourceTree = "<group>"; };
		AF2AF85A15B8581900514B2D /* MainViewController.m */ = {isa = PBXFileReference; lastKnownFileType = sourcecode.c.objc; path = MainViewController.m; sourceTree = "<group>"; };
		AF2AF85C15B8581900514B2D /* FlipsideViewController.h */ = {isa = PBXFileReference; lastKnownFileType = sourcecode.c.h; path = FlipsideViewController.h; sourceTree = "<group>"; };
		AF2AF85D15B8581900514B2D /* FlipsideViewController.m */ = {isa = PBXFileReference; lastKnownFileType = sourcecode.c.objc; path = FlipsideViewController.m; sourceTree = "<group>"; };
		AF2AF86815B858F400514B2D /* RateView.h */ = {isa = PBXFileReference; fileEncoding = 4; lastKnownFileType = sourcecode.c.h; path = RateView.h; sourceTree = "<group>"; };
		AF2AF86915B858F400514B2D /* RateView.m */ = {isa = PBXFileReference; fileEncoding = 4; lastKnownFileType = sourcecode.c.objc; path = RateView.m; sourceTree = "<group>"; };
		AF2AF87515B85FB100514B2D /* TPKeyboardAvoidingScrollView.h */ = {isa = PBXFileReference; fileEncoding = 4; lastKnownFileType = sourcecode.c.h; path = TPKeyboardAvoidingScrollView.h; sourceTree = "<group>"; };
		AF2AF87615B85FB100514B2D /* TPKeyboardAvoidingScrollView.m */ = {isa = PBXFileReference; fileEncoding = 4; lastKnownFileType = sourcecode.c.objc; path = TPKeyboardAvoidingScrollView.m; sourceTree = "<group>"; };
		AF2AF87815B860E800514B2D /* QuartzCore.framework */ = {isa = PBXFileReference; lastKnownFileType = wrapper.framework; name = QuartzCore.framework; path = System/Library/Frameworks/QuartzCore.framework; sourceTree = SDKROOT; };
		AF2AF87A15B8679F00514B2D /* next_last.png */ = {isa = PBXFileReference; lastKnownFileType = image.png; path = next_last.png; sourceTree = "<group>"; };
		AF5588CE15BA189800234A5B /* ASIAuthenticationDialog.h */ = {isa = PBXFileReference; fileEncoding = 4; lastKnownFileType = sourcecode.c.h; path = ASIAuthenticationDialog.h; sourceTree = "<group>"; };
		AF5588CF15BA189800234A5B /* ASIAuthenticationDialog.m */ = {isa = PBXFileReference; fileEncoding = 4; lastKnownFileType = sourcecode.c.objc; path = ASIAuthenticationDialog.m; sourceTree = "<group>"; };
		AF5588D015BA189800234A5B /* ASICacheDelegate.h */ = {isa = PBXFileReference; fileEncoding = 4; lastKnownFileType = sourcecode.c.h; path = ASICacheDelegate.h; sourceTree = "<group>"; };
		AF5588D115BA189800234A5B /* ASIDataCompressor.h */ = {isa = PBXFileReference; fileEncoding = 4; lastKnownFileType = sourcecode.c.h; path = ASIDataCompressor.h; sourceTree = "<group>"; };
		AF5588D215BA189800234A5B /* ASIDataCompressor.m */ = {isa = PBXFileReference; fileEncoding = 4; lastKnownFileType = sourcecode.c.objc; path = ASIDataCompressor.m; sourceTree = "<group>"; };
		AF5588D315BA189800234A5B /* ASIDataDecompressor.h */ = {isa = PBXFileReference; fileEncoding = 4; lastKnownFileType = sourcecode.c.h; path = ASIDataDecompressor.h; sourceTree = "<group>"; };
		AF5588D415BA189800234A5B /* ASIDataDecompressor.m */ = {isa = PBXFileReference; fileEncoding = 4; lastKnownFileType = sourcecode.c.objc; path = ASIDataDecompressor.m; sourceTree = "<group>"; };
		AF5588D515BA189800234A5B /* ASIDownloadCache.h */ = {isa = PBXFileReference; fileEncoding = 4; lastKnownFileType = sourcecode.c.h; path = ASIDownloadCache.h; sourceTree = "<group>"; };
		AF5588D615BA189800234A5B /* ASIDownloadCache.m */ = {isa = PBXFileReference; fileEncoding = 4; lastKnownFileType = sourcecode.c.objc; path = ASIDownloadCache.m; sourceTree = "<group>"; };
		AF5588D715BA189800234A5B /* ASIFormDataRequest.h */ = {isa = PBXFileReference; fileEncoding = 4; lastKnownFileType = sourcecode.c.h; path = ASIFormDataRequest.h; sourceTree = "<group>"; };
		AF5588D815BA189800234A5B /* ASIFormDataRequest.m */ = {isa = PBXFileReference; fileEncoding = 4; lastKnownFileType = sourcecode.c.objc; path = ASIFormDataRequest.m; sourceTree = "<group>"; };
		AF5588D915BA189800234A5B /* ASIHTTPRequest.h */ = {isa = PBXFileReference; fileEncoding = 4; lastKnownFileType = sourcecode.c.h; path = ASIHTTPRequest.h; sourceTree = "<group>"; };
		AF5588DA15BA189800234A5B /* ASIHTTPRequest.m */ = {isa = PBXFileReference; fileEncoding = 4; lastKnownFileType = sourcecode.c.objc; path = ASIHTTPRequest.m; sourceTree = "<group>"; };
		AF5588DB15BA189800234A5B /* ASIHTTPRequestConfig.h */ = {isa = PBXFileReference; fileEncoding = 4; lastKnownFileType = sourcecode.c.h; path = ASIHTTPRequestConfig.h; sourceTree = "<group>"; };
		AF5588DC15BA189800234A5B /* ASIHTTPRequestDelegate.h */ = {isa = PBXFileReference; fileEncoding = 4; lastKnownFileType = sourcecode.c.h; path = ASIHTTPRequestDelegate.h; sourceTree = "<group>"; };
		AF5588DD15BA189800234A5B /* ASIInputStream.h */ = {isa = PBXFileReference; fileEncoding = 4; lastKnownFileType = sourcecode.c.h; path = ASIInputStream.h; sourceTree = "<group>"; };
		AF5588DE15BA189800234A5B /* ASIInputStream.m */ = {isa = PBXFileReference; fileEncoding = 4; lastKnownFileType = sourcecode.c.objc; path = ASIInputStream.m; sourceTree = "<group>"; };
		AF5588DF15BA189800234A5B /* ASINetworkQueue.h */ = {isa = PBXFileReference; fileEncoding = 4; lastKnownFileType = sourcecode.c.h; path = ASINetworkQueue.h; sourceTree = "<group>"; };
		AF5588E015BA189800234A5B /* ASINetworkQueue.m */ = {isa = PBXFileReference; fileEncoding = 4; lastKnownFileType = sourcecode.c.objc; path = ASINetworkQueue.m; sourceTree = "<group>"; };
		AF5588E115BA189800234A5B /* ASIProgressDelegate.h */ = {isa = PBXFileReference; fileEncoding = 4; lastKnownFileType = sourcecode.c.h; path = ASIProgressDelegate.h; sourceTree = "<group>"; };
		AF5588EB15BA18B500234A5B /* Reachability.h */ = {isa = PBXFileReference; fileEncoding = 4; lastKnownFileType = sourcecode.c.h; path = Reachability.h; sourceTree = "<group>"; };
		AF5588EC15BA18B500234A5B /* Reachability.m */ = {isa = PBXFileReference; fileEncoding = 4; lastKnownFileType = sourcecode.c.objc; path = Reachability.m; sourceTree = "<group>"; };
		AF5588EE15BA190900234A5B /* CFNetwork.framework */ = {isa = PBXFileReference; lastKnownFileType = wrapper.framework; name = CFNetwork.framework; path = System/Library/Frameworks/CFNetwork.framework; sourceTree = SDKROOT; };
		AF5588F015BA191000234A5B /* SystemConfiguration.framework */ = {isa = PBXFileReference; lastKnownFileType = wrapper.framework; name = SystemConfiguration.framework; path = System/Library/Frameworks/SystemConfiguration.framework; sourceTree = SDKROOT; };
		AF5588F215BA191900234A5B /* MobileCoreServices.framework */ = {isa = PBXFileReference; lastKnownFileType = wrapper.framework; name = MobileCoreServices.framework; path = System/Library/Frameworks/MobileCoreServices.framework; sourceTree = SDKROOT; };
		AF5588F415BA192C00234A5B /* libz.dylib */ = {isa = PBXFileReference; lastKnownFileType = "compiled.mach-o.dylib"; name = libz.dylib; path = usr/lib/libz.dylib; sourceTree = SDKROOT; };
		AF7E405315C8DD1800AD9E5B /* kermit_full~iphone.png */ = {isa = PBXFileReference; lastKnownFileType = image.png; path = "kermit_full~iphone.png"; sourceTree = "<group>"; };
		AF7E405515C8DD2400AD9E5B /* kermit_empty~iphone.png */ = {isa = PBXFileReference; lastKnownFileType = image.png; path = "kermit_empty~iphone.png"; sourceTree = "<group>"; };
		AF8249B915BC4F490029FECA /* Data.plist */ = {isa = PBXFileReference; fileEncoding = 4; lastKnownFileType = text.plist.xml; path = Data.plist; sourceTree = "<group>"; };
		AF88E68115BF601C00E3E9C1 /* UserData.h */ = {isa = PBXFileReference; fileEncoding = 4; lastKnownFileType = sourcecode.c.h; path = UserData.h; sourceTree = "<group>"; };
		AF88E68215BF601C00E3E9C1 /* UserData.m */ = {isa = PBXFileReference; fileEncoding = 4; lastKnownFileType = sourcecode.c.objc; path = UserData.m; sourceTree = "<group>"; };
		AFA362F915CC9A2400725400 /* Default@2x.png */ = {isa = PBXFileReference; lastKnownFileType = image.png; path = "Default@2x.png"; sourceTree = "<group>"; };
		AFA808FD15B8885000D12E6A /* QuestionsViewController.h */ = {isa = PBXFileReference; fileEncoding = 4; lastKnownFileType = sourcecode.c.h; path = QuestionsViewController.h; sourceTree = "<group>"; };
		AFA808FE15B8885000D12E6A /* QuestionsViewController.m */ = {isa = PBXFileReference; fileEncoding = 4; lastKnownFileType = sourcecode.c.objc; path = QuestionsViewController.m; sourceTree = "<group>"; };
		AFA8090215B88B3800D12E6A /* SVSegmentedThumb.h */ = {isa = PBXFileReference; fileEncoding = 4; lastKnownFileType = sourcecode.c.h; path = SVSegmentedThumb.h; sourceTree = "<group>"; };
		AFA8090315B88B3800D12E6A /* SVSegmentedControl.h */ = {isa = PBXFileReference; fileEncoding = 4; lastKnownFileType = sourcecode.c.h; path = SVSegmentedControl.h; sourceTree = "<group>"; };
		AFA8090415B88B3800D12E6A /* SVSegmentedControl.m */ = {isa = PBXFileReference; fileEncoding = 4; lastKnownFileType = sourcecode.c.objc; path = SVSegmentedControl.m; sourceTree = "<group>"; };
		AFA8090515B88B3800D12E6A /* SVSegmentedThumb.m */ = {isa = PBXFileReference; fileEncoding = 4; lastKnownFileType = sourcecode.c.objc; path = SVSegmentedThumb.m; sourceTree = "<group>"; };
		AFA8090815B8917000D12E6A /* q_back.png */ = {isa = PBXFileReference; lastKnownFileType = image.png; path = q_back.png; sourceTree = "<group>"; };
		AFC5B71215C97B5D00F4A155 /* Review Manager.entitlements */ = {isa = PBXFileReference; fileEncoding = 4; lastKnownFileType = text.xml; path = "Review Manager.entitlements"; sourceTree = "<group>"; };
		AFD0E9E915CBAB8700A8815F /* MBProgressHUD.h */ = {isa = PBXFileReference; fileEncoding = 4; lastKnownFileType = sourcecode.c.h; path = MBProgressHUD.h; sourceTree = "<group>"; };
		AFD0E9EB15CBAB9000A8815F /* MBProgressHUD.m */ = {isa = PBXFileReference; fileEncoding = 4; lastKnownFileType = sourcecode.c.objc; path = MBProgressHUD.m; sourceTree = "<group>"; };
		AFD0E9ED15CBB03300A8815F /* 37x-Checkmark.png */ = {isa = PBXFileReference; lastKnownFileType = image.png; path = "37x-Checkmark.png"; sourceTree = "<group>"; };
		AFD0E9EF15CBB03E00A8815F /* 37x-Checkmark@2x.png */ = {isa = PBXFileReference; lastKnownFileType = image.png; path = "37x-Checkmark@2x.png"; sourceTree = "<group>"; };
/* End PBXFileReference section */

/* Begin PBXFrameworksBuildPhase section */
		AF2AF83A15B8581900514B2D /* Frameworks */ = {
			isa = PBXFrameworksBuildPhase;
			buildActionMask = 2147483647;
			files = (
				AF5588F515BA192C00234A5B /* libz.dylib in Frameworks */,
				AF5588F315BA191900234A5B /* MobileCoreServices.framework in Frameworks */,
				AF5588F115BA191000234A5B /* SystemConfiguration.framework in Frameworks */,
				AF5588EF15BA190900234A5B /* CFNetwork.framework in Frameworks */,
				AF2AF84615B8581900514B2D /* CoreGraphics.framework in Frameworks */,
				AF2AF87915B860E800514B2D /* QuartzCore.framework in Frameworks */,
				AF2AF84215B8581900514B2D /* UIKit.framework in Frameworks */,
				AF2AF84415B8581900514B2D /* Foundation.framework in Frameworks */,
			);
			runOnlyForDeploymentPostprocessing = 0;
		};
/* End PBXFrameworksBuildPhase section */

/* Begin PBXGroup section */
		AF2AF83215B8581900514B2D = {
			isa = PBXGroup;
			children = (
				AFA362F915CC9A2400725400 /* Default@2x.png */,
				AF8249B915BC4F490029FECA /* Data.plist */,
				AFC5B71215C97B5D00F4A155 /* Review Manager.entitlements */,
				AF5588F415BA192C00234A5B /* libz.dylib */,
				AF5588F215BA191900234A5B /* MobileCoreServices.framework */,
				AF5588F015BA191000234A5B /* SystemConfiguration.framework */,
				AF5588EE15BA190900234A5B /* CFNetwork.framework */,
				AF2AF87815B860E800514B2D /* QuartzCore.framework */,
				AF2AF84715B8581900514B2D /* Review Manager */,
				AF2AF84015B8581900514B2D /* Frameworks */,
				AF2AF83E15B8581900514B2D /* Products */,
			);
			sourceTree = "<group>";
		};
		AF2AF83E15B8581900514B2D /* Products */ = {
			isa = PBXGroup;
			children = (
				AF2AF83D15B8581900514B2D /* Review Manager.app */,
			);
			name = Products;
			sourceTree = "<group>";
		};
		AF2AF84015B8581900514B2D /* Frameworks */ = {
			isa = PBXGroup;
			children = (
				AF2AF84115B8581900514B2D /* UIKit.framework */,
				AF2AF84315B8581900514B2D /* Foundation.framework */,
				AF2AF84515B8581900514B2D /* CoreGraphics.framework */,
			);
			name = Frameworks;
			sourceTree = "<group>";
		};
		AF2AF84715B8581900514B2D /* Review Manager */ = {
			isa = PBXGroup;
			children = (
				AFD0E9E915CBAB8700A8815F /* MBProgressHUD.h */,
				AFD0E9EB15CBAB9000A8815F /* MBProgressHUD.m */,
				AF2AF85015B8581900514B2D /* AppDelegate.h */,
				AF2AF85115B8581900514B2D /* AppDelegate.m */,
				AF2AF85315B8581900514B2D /* MainStoryboard_iPhone.storyboard */,
				AF2AF85615B8581900514B2D /* MainStoryboard_iPad.storyboard */,
				AFA808FD15B8885000D12E6A /* QuestionsViewController.h */,
				AF5588CE15BA189800234A5B /* ASIAuthenticationDialog.h */,
				AFA808FE15B8885000D12E6A /* QuestionsViewController.m */,
				AF5588CF15BA189800234A5B /* ASIAuthenticationDialog.m */,
				AF5588D015BA189800234A5B /* ASICacheDelegate.h */,
				AF5588D115BA189800234A5B /* ASIDataCompressor.h */,
				AF5588D215BA189800234A5B /* ASIDataCompressor.m */,
				AF5588D315BA189800234A5B /* ASIDataDecompressor.h */,
				AF5588D415BA189800234A5B /* ASIDataDecompressor.m */,
				AF5588D515BA189800234A5B /* ASIDownloadCache.h */,
				AF5588EB15BA18B500234A5B /* Reachability.h */,
				AF5588EC15BA18B500234A5B /* Reachability.m */,
				AF5588D615BA189800234A5B /* ASIDownloadCache.m */,
				AF5588D715BA189800234A5B /* ASIFormDataRequest.h */,
				AF5588D815BA189800234A5B /* ASIFormDataRequest.m */,
				AF5588D915BA189800234A5B /* ASIHTTPRequest.h */,
				AF5588DA15BA189800234A5B /* ASIHTTPRequest.m */,
				AF5588DB15BA189800234A5B /* ASIHTTPRequestConfig.h */,
				AF5588DC15BA189800234A5B /* ASIHTTPRequestDelegate.h */,
				AF5588DD15BA189800234A5B /* ASIInputStream.h */,
				AF5588DE15BA189800234A5B /* ASIInputStream.m */,
				AF5588DF15BA189800234A5B /* ASINetworkQueue.h */,
				AF5588E015BA189800234A5B /* ASINetworkQueue.m */,
				AF5588E115BA189800234A5B /* ASIProgressDelegate.h */,
				AF88E68115BF601C00E3E9C1 /* UserData.h */,
				AF88E68215BF601C00E3E9C1 /* UserData.m */,
				AF2AF85915B8581900514B2D /* MainViewController.h */,
				AF2AF85A15B8581900514B2D /* MainViewController.m */,
				AF2AF85C15B8581900514B2D /* FlipsideViewController.h */,
				AF2AF85D15B8581900514B2D /* FlipsideViewController.m */,
				AF2AF86815B858F400514B2D /* RateView.h */,
				AF2AF86915B858F400514B2D /* RateView.m */,
				AF2AF87515B85FB100514B2D /* TPKeyboardAvoidingScrollView.h */,
				AF2AF87615B85FB100514B2D /* TPKeyboardAvoidingScrollView.m */,
				AFA8090215B88B3800D12E6A /* SVSegmentedThumb.h */,
				AFA8090315B88B3800D12E6A /* SVSegmentedControl.h */,
				AFA8090415B88B3800D12E6A /* SVSegmentedControl.m */,
				AFA8090515B88B3800D12E6A /* SVSegmentedThumb.m */,
				AF2AF84815B8581900514B2D /* Supporting Files */,
			);
			path = "Review Manager";
			sourceTree = "<group>";
		};
		AF2AF84815B8581900514B2D /* Supporting Files */ = {
			isa = PBXGroup;
			children = (
				AF2AF84915B8581900514B2D /* Review Manager-Info.plist */,
				AF7E405315C8DD1800AD9E5B /* kermit_full~iphone.png */,
				AF7E405515C8DD2400AD9E5B /* kermit_empty~iphone.png */,
				AFD0E9ED15CBB03300A8815F /* 37x-Checkmark.png */,
				AFD0E9EF15CBB03E00A8815F /* 37x-Checkmark@2x.png */,
				AF2AF87A15B8679F00514B2D /* next_last.png */,
				AFA8090815B8917000D12E6A /* q_back.png */,
				AF2AF84A15B8581900514B2D /* InfoPlist.strings */,
				AF2AF84D15B8581900514B2D /* main.m */,
				AF2AF84F15B8581900514B2D /* Review Manager-Prefix.pch */,
			);
			name = "Supporting Files";
			sourceTree = "<group>";
		};
/* End PBXGroup section */

/* Begin PBXNativeTarget section */
		AF2AF83C15B8581900514B2D /* Review Manager */ = {
			isa = PBXNativeTarget;
			buildConfigurationList = AF2AF86115B8581900514B2D /* Build configuration list for PBXNativeTarget "Review Manager" */;
			buildPhases = (
				AF2AF83915B8581900514B2D /* Sources */,
				AF2AF83A15B8581900514B2D /* Frameworks */,
				AF2AF83B15B8581900514B2D /* Resources */,
			);
			buildRules = (
			);
			dependencies = (
			);
			name = "Review Manager";
			productName = "Review Manager";
			productReference = AF2AF83D15B8581900514B2D /* Review Manager.app */;
			productType = "com.apple.product-type.application";
		};
/* End PBXNativeTarget section */

/* Begin PBXProject section */
		AF2AF83415B8581900514B2D /* Project object */ = {
			isa = PBXProject;
			attributes = {
				LastUpgradeCheck = 0440;
				ORGANIZATIONNAME = enroyed;
			};
			buildConfigurationList = AF2AF83715B8581900514B2D /* Build configuration list for PBXProject "Review Manager" */;
			compatibilityVersion = "Xcode 3.2";
			developmentRegion = English;
			hasScannedForEncodings = 0;
			knownRegions = (
				en,
			);
			mainGroup = AF2AF83215B8581900514B2D;
			productRefGroup = AF2AF83E15B8581900514B2D /* Products */;
			projectDirPath = "";
			projectRoot = "";
			targets = (
				AF2AF83C15B8581900514B2D /* Review Manager */,
			);
		};
/* End PBXProject section */

/* Begin PBXResourcesBuildPhase section */
		AF2AF83B15B8581900514B2D /* Resources */ = {
			isa = PBXResourcesBuildPhase;
			buildActionMask = 2147483647;
			files = (
				AF2AF84C15B8581900514B2D /* InfoPlist.strings in Resources */,
				AF2AF85515B8581900514B2D /* MainStoryboard_iPhone.storyboard in Resources */,
				AF2AF85815B8581900514B2D /* MainStoryboard_iPad.storyboard in Resources */,
				AF2AF87B15B8679F00514B2D /* next_last.png in Resources */,
				AFA8090915B8917000D12E6A /* q_back.png in Resources */,
				AF8249BA15BC4F490029FECA /* Data.plist in Resources */,
				AF7E405415C8DD1800AD9E5B /* kermit_full~iphone.png in Resources */,
				AF7E405615C8DD2400AD9E5B /* kermit_empty~iphone.png in Resources */,
				AFC5B71315C97B5D00F4A155 /* Review Manager.entitlements in Resources */,
				AFD0E9EE15CBB03300A8815F /* 37x-Checkmark.png in Resources */,
				AFD0E9F015CBB03E00A8815F /* 37x-Checkmark@2x.png in Resources */,
				AFA362FA15CC9A2400725400 /* Default@2x.png in Resources */,
			);
			runOnlyForDeploymentPostprocessing = 0;
		};
/* End PBXResourcesBuildPhase section */

/* Begin PBXSourcesBuildPhase section */
		AF2AF83915B8581900514B2D /* Sources */ = {
			isa = PBXSourcesBuildPhase;
			buildActionMask = 2147483647;
			files = (
				AF2AF84E15B8581900514B2D /* main.m in Sources */,
				AF2AF85215B8581900514B2D /* AppDelegate.m in Sources */,
				AF2AF85B15B8581900514B2D /* MainViewController.m in Sources */,
				AF2AF85E15B8581900514B2D /* FlipsideViewController.m in Sources */,
				AF2AF86A15B858F400514B2D /* RateView.m in Sources */,
				AF2AF87715B85FB100514B2D /* TPKeyboardAvoidingScrollView.m in Sources */,
				AFA808FF15B8885000D12E6A /* QuestionsViewController.m in Sources */,
				AFA8090615B88B3800D12E6A /* SVSegmentedControl.m in Sources */,
				AFA8090715B88B3800D12E6A /* SVSegmentedThumb.m in Sources */,
				AF5588E215BA189800234A5B /* ASIAuthenticationDialog.m in Sources */,
				AF5588E315BA189800234A5B /* ASIDataCompressor.m in Sources */,
				AF5588E415BA189800234A5B /* ASIDataDecompressor.m in Sources */,
				AF5588E515BA189800234A5B /* ASIDownloadCache.m in Sources */,
				AF5588E615BA189800234A5B /* ASIFormDataRequest.m in Sources */,
				AF5588E715BA189800234A5B /* ASIHTTPRequest.m in Sources */,
				AF5588E815BA189800234A5B /* ASIInputStream.m in Sources */,
				AF5588E915BA189800234A5B /* ASINetworkQueue.m in Sources */,
				AF5588ED15BA18B500234A5B /* Reachability.m in Sources */,
				AF88E68315BF601C00E3E9C1 /* UserData.m in Sources */,
				AFD0E9EC15CBAB9000A8815F /* MBProgressHUD.m in Sources */,
			);
			runOnlyForDeploymentPostprocessing = 0;
		};
/* End PBXSourcesBuildPhase section */

/* Begin PBXVariantGroup section */
		AF2AF84A15B8581900514B2D /* InfoPlist.strings */ = {
			isa = PBXVariantGroup;
			children = (
				AF2AF84B15B8581900514B2D /* en */,
			);
			name = InfoPlist.strings;
			sourceTree = "<group>";
		};
		AF2AF85315B8581900514B2D /* MainStoryboard_iPhone.storyboard */ = {
			isa = PBXVariantGroup;
			children = (
				AF2AF85415B8581900514B2D /* en */,
			);
			name = MainStoryboard_iPhone.storyboard;
			sourceTree = "<group>";
		};
		AF2AF85615B8581900514B2D /* MainStoryboard_iPad.storyboard */ = {
			isa = PBXVariantGroup;
			children = (
				AF2AF85715B8581900514B2D /* en */,
			);
			name = MainStoryboard_iPad.storyboard;
			sourceTree = "<group>";
		};
/* End PBXVariantGroup section */

/* Begin XCBuildConfiguration section */
		AF2AF85F15B8581900514B2D /* Debug */ = {
			isa = XCBuildConfiguration;
			buildSettings = {
				ALWAYS_SEARCH_USER_PATHS = NO;
				ARCHS = "$(ARCHS_STANDARD_32_BIT)";
				CLANG_CXX_LANGUAGE_STANDARD = "gnu++0x";
				CLANG_ENABLE_OBJC_ARC = YES;
				CLANG_WARN__DUPLICATE_METHOD_MATCH = YES;
				CODE_SIGN_ENTITLEMENTS = YES;
				CODE_SIGN_IDENTITY = "iPhone Developer";
				"CODE_SIGN_IDENTITY[sdk=iphoneos*]" = "iPhone Developer";
				COPY_PHASE_STRIP = NO;
				GCC_C_LANGUAGE_STANDARD = gnu99;
				GCC_DYNAMIC_NO_PIC = NO;
				GCC_OPTIMIZATION_LEVEL = 0;
				GCC_PREPROCESSOR_DEFINITIONS = (
					"DEBUG=1",
					"$(inherited)",
				);
				GCC_SYMBOLS_PRIVATE_EXTERN = NO;
				GCC_VERSION = com.apple.compilers.llvm.clang.1_0;
				GCC_WARN_ABOUT_RETURN_TYPE = YES;
				GCC_WARN_UNINITIALIZED_AUTOS = YES;
				GCC_WARN_UNUSED_VARIABLE = YES;
				IPHONEOS_DEPLOYMENT_TARGET = 5.1;
				"OTHER_CODE_SIGN_FLAGS[sdk=*]" = "-gta";
				PROVISIONING_PROFILE = "";
				"PROVISIONING_PROFILE[sdk=iphoneos*]" = "";
				SDKROOT = iphoneos;
				TARGETED_DEVICE_FAMILY = "1,2";
			};
			name = Debug;
		};
		AF2AF86015B8581900514B2D /* Release */ = {
			isa = XCBuildConfiguration;
			buildSettings = {
				ALWAYS_SEARCH_USER_PATHS = NO;
				ARCHS = "$(ARCHS_STANDARD_32_BIT)";
				CLANG_CXX_LANGUAGE_STANDARD = "gnu++0x";
				CLANG_ENABLE_OBJC_ARC = YES;
				CLANG_WARN__DUPLICATE_METHOD_MATCH = YES;
				CODE_SIGN_ENTITLEMENTS = YES;
				CODE_SIGN_IDENTITY = "iPhone Developer";
				"CODE_SIGN_IDENTITY[sdk=iphoneos*]" = "iPhone Developer";
				COPY_PHASE_STRIP = YES;
				GCC_C_LANGUAGE_STANDARD = gnu99;
				GCC_VERSION = com.apple.compilers.llvm.clang.1_0;
				GCC_WARN_ABOUT_RETURN_TYPE = YES;
				GCC_WARN_UNINITIALIZED_AUTOS = YES;
				GCC_WARN_UNUSED_VARIABLE = YES;
				IPHONEOS_DEPLOYMENT_TARGET = 5.1;
				OTHER_CFLAGS = "-DNS_BLOCK_ASSERTIONS=1";
				"OTHER_CODE_SIGN_FLAGS[sdk=*]" = "-gta";
				PROVISIONING_PROFILE = "";
				"PROVISIONING_PROFILE[sdk=iphoneos*]" = "";
				SDKROOT = iphoneos;
				TARGETED_DEVICE_FAMILY = "1,2";
				VALIDATE_PRODUCT = YES;
			};
			name = Release;
		};
		AF2AF86215B8581900514B2D /* Debug */ = {
			isa = XCBuildConfiguration;
			buildSettings = {
				CODE_SIGN_ENTITLEMENTS = "Review Manager.entitlements";
				CODE_SIGN_IDENTITY = "iPhone Developer";
				"CODE_SIGN_IDENTITY[sdk=iphoneos*]" = "iPhone Developer";
				GCC_PRECOMPILE_PREFIX_HEADER = YES;
				GCC_PREFIX_HEADER = "Review Manager/Review Manager-Prefix.pch";
				INFOPLIST_FILE = "Review Manager/Review Manager-Info.plist";
				PRODUCT_NAME = "$(TARGET_NAME)";
				PROVISIONING_PROFILE = "";
				"PROVISIONING_PROFILE[sdk=iphoneos*]" = "";
				TARGETED_DEVICE_FAMILY = "1,2";
				WRAPPER_EXTENSION = app;
			};
			name = Debug;
		};
		AF2AF86315B8581900514B2D /* Release */ = {
			isa = XCBuildConfiguration;
			buildSettings = {
				CODE_SIGN_ENTITLEMENTS = "Review Manager.entitlements";
				CODE_SIGN_IDENTITY = "iPhone Developer";
				"CODE_SIGN_IDENTITY[sdk=iphoneos*]" = "iPhone Developer";
				GCC_PRECOMPILE_PREFIX_HEADER = YES;
				GCC_PREFIX_HEADER = "Review Manager/Review Manager-Prefix.pch";
				INFOPLIST_FILE = "Review Manager/Review Manager-Info.plist";
				PRODUCT_NAME = "$(TARGET_NAME)";
				PROVISIONING_PROFILE = "";
				"PROVISIONING_PROFILE[sdk=iphoneos*]" = "";
				TARGETED_DEVICE_FAMILY = "1,2";
				WRAPPER_EXTENSION = app;
			};
			name = Release;
		};
/* End XCBuildConfiguration section */

/* Begin XCConfigurationList section */
		AF2AF83715B8581900514B2D /* Build configuration list for PBXProject "Review Manager" */ = {
			isa = XCConfigurationList;
			buildConfigurations = (
				AF2AF85F15B8581900514B2D /* Debug */,
				AF2AF86015B8581900514B2D /* Release */,
			);
			defaultConfigurationIsVisible = 0;
			defaultConfigurationName = Release;
		};
		AF2AF86115B8581900514B2D /* Build configuration list for PBXNativeTarget "Review Manager" */ = {
			isa = XCConfigurationList;
			buildConfigurations = (
				AF2AF86215B8581900514B2D /* Debug */,
				AF2AF86315B8581900514B2D /* Release */,
			);
			defaultConfigurationIsVisible = 0;
			defaultConfigurationName = Release;
		};
/* End XCConfigurationList section */
	};
	rootObject = AF2AF83415B8581900514B2D /* Project object */;
}
